
Microsoft Visual Studio Solution File, Format Version 12.00
# Visual Studio Version 17
VisualStudioVersion = 17.8.34330.188
MinimumVisualStudioVersion = 10.0.40219.1
Project("{2150E333-8FDC-42A3-9474-1A3956D46DE8}") = "Services", "Services", "{B84A2751-A597-46A1-8F74-D63072E7E34D}"
EndProject
Project("{2150E333-8FDC-42A3-9474-1A3956D46DE8}") = "Catalog", "Catalog", "{5FCCFD97-9227-4783-BBBB-64BDB56F251A}"
EndProject
Project("{9A19103F-16F7-4668-BE54-9A1E7A4F7556}") = "Catalog.API", "Services\Catalog\Catalog.API\Catalog.API.csproj", "{9F064D29-28C9-47AF-ACC3-9F41588856B6}"
EndProject
Project("{2150E333-8FDC-42A3-9474-1A3956D46DE8}") = "BuildingBlocks", "BuildingBlocks", "{CC299348-68FD-4F60-AE42-B846D4884CB4}"
EndProject
Project("{9A19103F-16F7-4668-BE54-9A1E7A4F7556}") = "BuildingBlocks", "BuildingBlocks\BuildingBlocks\BuildingBlocks.csproj", "{1299CAA0-ADFB-4CBC-B1B5-CDDD8FE4CFE2}"
EndProject
Project("{E53339B2-1760-4266-BCC7-CA923CBCF16C}") = "docker-compose", "docker-compose.dcproj", "{A5B07613-F1A6-4A8E-8E87-B3DF4421EB03}"
EndProject
Project("{2150E333-8FDC-42A3-9474-1A3956D46DE8}") = "Basket", "Basket", "{9F738D32-B32D-44B9-9A6B-3B84E2E5C355}"
EndProject
Project("{9A19103F-16F7-4668-BE54-9A1E7A4F7556}") = "Basket.API", "Services\Basket\Basket.API\Basket.API.csproj", "{5E519EA5-559A-4DA6-8B92-3E9A2F70DDBA}"
	ProjectSection(ProjectDependencies) = postProject
		{E5DAF4CD-F602-45A2-8DF4-8D98B33D5C0B} = {E5DAF4CD-F602-45A2-8DF4-8D98B33D5C0B}
	EndProjectSection
EndProject
Project("{2150E333-8FDC-42A3-9474-1A3956D46DE8}") = "Discount", "Discount", "{4423837B-E81E-48AC-B54A-5816A600E438}"
EndProject
Project("{FAE04EC0-301F-11D3-BF4B-00C04F79EFBC}") = "Discount.gRPC", "Services\Discount\Discount.gRPC\Discount.gRPC.csproj", "{15F78036-1120-441B-82BE-E62659FFA3C5}"
EndProject
Project("{2150E333-8FDC-42A3-9474-1A3956D46DE8}") = "Order", "Order", "{02EA681E-C7D8-13C7-8484-4AC65E1B71E8}"
EndProject
Project("{FAE04EC0-301F-11D3-BF4B-00C04F79EFBC}") = "Order.API", "Services\Order\Order.API\Order.API.csproj", "{1EE443EE-CB44-4818-82DE-4B0A2FA7EC7B}"
EndProject
Project("{FAE04EC0-301F-11D3-BF4B-00C04F79EFBC}") = "Order.Domain", "Services\Order\Order.Domain\Order.Domain.csproj", "{EB5E01D6-5665-438E-B693-12A465705989}"
EndProject
Project("{FAE04EC0-301F-11D3-BF4B-00C04F79EFBC}") = "Order.Application", "Services\Order\Order.Application\Order.Application.csproj", "{ABF9A2A1-82BF-4EE1-9B2F-47B675F91FC7}"
EndProject
Project("{FAE04EC0-301F-11D3-BF4B-00C04F79EFBC}") = "Order.Infrastructure", "Services\Order\Order.Infrastructure\Order.Infrastructure.csproj", "{8A494735-A2B3-4143-AD51-44D6F3756F22}"
EndProject
Project("{FAE04EC0-301F-11D3-BF4B-00C04F79EFBC}") = "BuildingBlocks.Messaging", "BuildingBlocks\BuildingBlocks.Messaging\BuildingBlocks.Messaging.csproj", "{E5DAF4CD-F602-45A2-8DF4-8D98B33D5C0B}"
EndProject
Global
	GlobalSection(SolutionConfigurationPlatforms) = preSolution
		Debug|Any CPU = Debug|Any CPU
		Release|Any CPU = Release|Any CPU
	EndGlobalSection
	GlobalSection(ProjectConfigurationPlatforms) = postSolution
		{9F064D29-28C9-47AF-ACC3-9F41588856B6}.Debug|Any CPU.ActiveCfg = Debug|Any CPU
		{9F064D29-28C9-47AF-ACC3-9F41588856B6}.Debug|Any CPU.Build.0 = Debug|Any CPU
		{9F064D29-28C9-47AF-ACC3-9F41588856B6}.Release|Any CPU.ActiveCfg = Release|Any CPU
		{9F064D29-28C9-47AF-ACC3-9F41588856B6}.Release|Any CPU.Build.0 = Release|Any CPU
		{1299CAA0-ADFB-4CBC-B1B5-CDDD8FE4CFE2}.Debug|Any CPU.ActiveCfg = Debug|Any CPU
		{1299CAA0-ADFB-4CBC-B1B5-CDDD8FE4CFE2}.Debug|Any CPU.Build.0 = Debug|Any CPU
		{1299CAA0-ADFB-4CBC-B1B5-CDDD8FE4CFE2}.Release|Any CPU.ActiveCfg = Release|Any CPU
		{1299CAA0-ADFB-4CBC-B1B5-CDDD8FE4CFE2}.Release|Any CPU.Build.0 = Release|Any CPU
		{A5B07613-F1A6-4A8E-8E87-B3DF4421EB03}.Debug|Any CPU.ActiveCfg = Debug|Any CPU
		{A5B07613-F1A6-4A8E-8E87-B3DF4421EB03}.Debug|Any CPU.Build.0 = Debug|Any CPU
		{A5B07613-F1A6-4A8E-8E87-B3DF4421EB03}.Release|Any CPU.ActiveCfg = Release|Any CPU
		{A5B07613-F1A6-4A8E-8E87-B3DF4421EB03}.Release|Any CPU.Build.0 = Release|Any CPU
		{5E519EA5-559A-4DA6-8B92-3E9A2F70DDBA}.Debug|Any CPU.ActiveCfg = Debug|Any CPU
		{5E519EA5-559A-4DA6-8B92-3E9A2F70DDBA}.Debug|Any CPU.Build.0 = Debug|Any CPU
		{5E519EA5-559A-4DA6-8B92-3E9A2F70DDBA}.Release|Any CPU.ActiveCfg = Release|Any CPU
		{5E519EA5-559A-4DA6-8B92-3E9A2F70DDBA}.Release|Any CPU.Build.0 = Release|Any CPU
		{15F78036-1120-441B-82BE-E62659FFA3C5}.Debug|Any CPU.ActiveCfg = Debug|Any CPU
		{15F78036-1120-441B-82BE-E62659FFA3C5}.Debug|Any CPU.Build.0 = Debug|Any CPU
		{15F78036-1120-441B-82BE-E62659FFA3C5}.Release|Any CPU.ActiveCfg = Release|Any CPU
		{15F78036-1120-441B-82BE-E62659FFA3C5}.Release|Any CPU.Build.0 = Release|Any CPU
		{1EE443EE-CB44-4818-82DE-4B0A2FA7EC7B}.Debug|Any CPU.ActiveCfg = Debug|Any CPU
		{1EE443EE-CB44-4818-82DE-4B0A2FA7EC7B}.Debug|Any CPU.Build.0 = Debug|Any CPU
		{1EE443EE-CB44-4818-82DE-4B0A2FA7EC7B}.Release|Any CPU.ActiveCfg = Release|Any CPU
		{1EE443EE-CB44-4818-82DE-4B0A2FA7EC7B}.Release|Any CPU.Build.0 = Release|Any CPU
		{EB5E01D6-5665-438E-B693-12A465705989}.Debug|Any CPU.ActiveCfg = Debug|Any CPU
		{EB5E01D6-5665-438E-B693-12A465705989}.Debug|Any CPU.Build.0 = Debug|Any CPU
		{EB5E01D6-5665-438E-B693-12A465705989}.Release|Any CPU.ActiveCfg = Release|Any CPU
		{EB5E01D6-5665-438E-B693-12A465705989}.Release|Any CPU.Build.0 = Release|Any CPU
		{ABF9A2A1-82BF-4EE1-9B2F-47B675F91FC7}.Debug|Any CPU.ActiveCfg = Debug|Any CPU
		{ABF9A2A1-82BF-4EE1-9B2F-47B675F91FC7}.Debug|Any CPU.Build.0 = Debug|Any CPU
		{ABF9A2A1-82BF-4EE1-9B2F-47B675F91FC7}.Release|Any CPU.ActiveCfg = Release|Any CPU
		{ABF9A2A1-82BF-4EE1-9B2F-47B675F91FC7}.Release|Any CPU.Build.0 = Release|Any CPU
		{8A494735-A2B3-4143-AD51-44D6F3756F22}.Debug|Any CPU.ActiveCfg = Debug|Any CPU
		{8A494735-A2B3-4143-AD51-44D6F3756F22}.Debug|Any CPU.Build.0 = Debug|Any CPU
		{8A494735-A2B3-4143-AD51-44D6F3756F22}.Release|Any CPU.ActiveCfg = Release|Any CPU
		{8A494735-A2B3-4143-AD51-44D6F3756F22}.Release|Any CPU.Build.0 = Release|Any CPU
		{E5DAF4CD-F602-45A2-8DF4-8D98B33D5C0B}.Debug|Any CPU.ActiveCfg = Debug|Any CPU
		{E5DAF4CD-F602-45A2-8DF4-8D98B33D5C0B}.Debug|Any CPU.Build.0 = Debug|Any CPU
		{E5DAF4CD-F602-45A2-8DF4-8D98B33D5C0B}.Release|Any CPU.ActiveCfg = Release|Any CPU
		{E5DAF4CD-F602-45A2-8DF4-8D98B33D5C0B}.Release|Any CPU.Build.0 = Release|Any CPU
	EndGlobalSection
	GlobalSection(SolutionProperties) = preSolution
		HideSolutionNode = FALSE
	EndGlobalSection
	GlobalSection(NestedProjects) = preSolution
		{5FCCFD97-9227-4783-BBBB-64BDB56F251A} = {B84A2751-A597-46A1-8F74-D63072E7E34D}
		{9F064D29-28C9-47AF-ACC3-9F41588856B6} = {5FCCFD97-9227-4783-BBBB-64BDB56F251A}
		{1299CAA0-ADFB-4CBC-B1B5-CDDD8FE4CFE2} = {CC299348-68FD-4F60-AE42-B846D4884CB4}
		{9F738D32-B32D-44B9-9A6B-3B84E2E5C355} = {B84A2751-A597-46A1-8F74-D63072E7E34D}
		{5E519EA5-559A-4DA6-8B92-3E9A2F70DDBA} = {9F738D32-B32D-44B9-9A6B-3B84E2E5C355}
		{4423837B-E81E-48AC-B54A-5816A600E438} = {B84A2751-A597-46A1-8F74-D63072E7E34D}
		{15F78036-1120-441B-82BE-E62659FFA3C5} = {4423837B-E81E-48AC-B54A-5816A600E438}
		{02EA681E-C7D8-13C7-8484-4AC65E1B71E8} = {B84A2751-A597-46A1-8F74-D63072E7E34D}
		{1EE443EE-CB44-4818-82DE-4B0A2FA7EC7B} = {02EA681E-C7D8-13C7-8484-4AC65E1B71E8}
		{EB5E01D6-5665-438E-B693-12A465705989} = {02EA681E-C7D8-13C7-8484-4AC65E1B71E8}
		{ABF9A2A1-82BF-4EE1-9B2F-47B675F91FC7} = {02EA681E-C7D8-13C7-8484-4AC65E1B71E8}
		{8A494735-A2B3-4143-AD51-44D6F3756F22} = {02EA681E-C7D8-13C7-8484-4AC65E1B71E8}
		{E5DAF4CD-F602-45A2-8DF4-8D98B33D5C0B} = {CC299348-68FD-4F60-AE42-B846D4884CB4}
	EndGlobalSection
	GlobalSection(ExtensibilityGlobals) = postSolution
		SolutionGuid = {2C28615D-00C6-4CB0-8EAF-E443BAD29C6F}
	EndGlobalSection
EndGlobal
